
Microsoft Visual Studio Solution File, Format Version 12.00
# Visual Studio Version 17
VisualStudioVersion = 17.7.34031.279
MinimumVisualStudioVersion = 10.0.40219.1
Project("{9A19103F-16F7-4668-BE54-9A1E7A4F7556}") = "Yakovleva", "Averina\Yakovleva.csproj", "{8B595835-386C-4011-97BC-B47B5C468115}"
EndProject
Global
	GlobalSection(SolutionConfigurationPlatforms) = preSolution
		Debug|Any CPU = Debug|Any CPU
		Release|Any CPU = Release|Any CPU
	EndGlobalSection
	GlobalSection(ProjectConfigurationPlatforms) = postSolution
		{8B595835-386C-4011-97BC-B47B5C468115}.Debug|Any CPU.ActiveCfg = Debug|Any CPU
		{8B595835-386C-4011-97BC-B47B5C468115}.Debug|Any CPU.Build.0 = Debug|Any CPU
		{8B595835-386C-4011-97BC-B47B5C468115}.Release|Any CPU.ActiveCfg = Release|Any CPU
		{8B595835-386C-4011-97BC-B47B5C468115}.Release|Any CPU.Build.0 = Release|Any CPU
	EndGlobalSection
	GlobalSection(SolutionProperties) = preSolution
		HideSolutionNode = FALSE
	EndGlobalSection
	GlobalSection(ExtensibilityGlobals) = postSolution
		SolutionGuid = {4BCC0EA5-2E38-44E7-BC55-BC1B2327ECD4}
	EndGlobalSection
EndGlobal
